
Microsoft Visual Studio Solution File, Format Version 12.00
# Visual Studio Version 17
VisualStudioVersion = 17.14.37027.9
MinimumVisualStudioVersion = 10.0.40219.1
Project("{FAE04EC0-301F-11D3-BF4B-00C04F79EFBC}") = "Doner.Form", "19.05.26\Doner.Form.csproj", "{9818312A-A16A-4965-8DD7-B00A5756AEC1}"
EndProject
Project("{FAE04EC0-301F-11D3-BF4B-00C04F79EFBC}") = "Doner.Data", "Data\Doner.Data.csproj", "{FAC8DCC6-5BC2-4E29-B7E3-12DABF05AFA2}"
EndProject
Project("{FAE04EC0-301F-11D3-BF4B-00C04F79EFBC}") = "Doner.Controller", "Controller\Doner.Controller.csproj", "{97ABBFE4-7E79-4702-9249-95597B8CD0AB}"
EndProject
Project("{FAE04EC0-301F-11D3-BF4B-00C04F79EFBC}") = "Doner.Test", "Doner.Test\Doner.Test.csproj", "{CFA80CE9-8CAA-40C1-8A2B-D2E70F231225}"
EndProject
Global
	GlobalSection(SolutionConfigurationPlatforms) = preSolution
		Debug|Any CPU = Debug|Any CPU
		Release|Any CPU = Release|Any CPU
	EndGlobalSection
	GlobalSection(ProjectConfigurationPlatforms) = postSolution
		{9818312A-A16A-4965-8DD7-B00A5756AEC1}.Debug|Any CPU.ActiveCfg = Debug|Any CPU
		{9818312A-A16A-4965-8DD7-B00A5756AEC1}.Debug|Any CPU.Build.0 = Debug|Any CPU
		{9818312A-A16A-4965-8DD7-B00A5756AEC1}.Release|Any CPU.ActiveCfg = Release|Any CPU
		{9818312A-A16A-4965-8DD7-B00A5756AEC1}.Release|Any CPU.Build.0 = Release|Any CPU
		{FAC8DCC6-5BC2-4E29-B7E3-12DABF05AFA2}.Debug|Any CPU.ActiveCfg = Debug|Any CPU
		{FAC8DCC6-5BC2-4E29-B7E3-12DABF05AFA2}.Debug|Any CPU.Build.0 = Debug|Any CPU
		{FAC8DCC6-5BC2-4E29-B7E3-12DABF05AFA2}.Release|Any CPU.ActiveCfg = Release|Any CPU
		{FAC8DCC6-5BC2-4E29-B7E3-12DABF05AFA2}.Release|Any CPU.Build.0 = Release|Any CPU
		{97ABBFE4-7E79-4702-9249-95597B8CD0AB}.Debug|Any CPU.ActiveCfg = Debug|Any CPU
		{97ABBFE4-7E79-4702-9249-95597B8CD0AB}.Debug|Any CPU.Build.0 = Debug|Any CPU
		{97ABBFE4-7E79-4702-9249-95597B8CD0AB}.Release|Any CPU.ActiveCfg = Release|Any CPU
		{97ABBFE4-7E79-4702-9249-95597B8CD0AB}.Release|Any CPU.Build.0 = Release|Any CPU
		{CFA80CE9-8CAA-40C1-8A2B-D2E70F231225}.Debug|Any CPU.ActiveCfg = Debug|Any CPU
		{CFA80CE9-8CAA-40C1-8A2B-D2E70F231225}.Debug|Any CPU.Build.0 = Debug|Any CPU
		{CFA80CE9-8CAA-40C1-8A2B-D2E70F231225}.Release|Any CPU.ActiveCfg = Release|Any CPU
		{CFA80CE9-8CAA-40C1-8A2B-D2E70F231225}.Release|Any CPU.Build.0 = Release|Any CPU
	EndGlobalSection
	GlobalSection(SolutionProperties) = preSolution
		HideSolutionNode = FALSE
	EndGlobalSection
	GlobalSection(ExtensibilityGlobals) = postSolution
		SolutionGuid = {88F3DACF-6820-4250-A060-AEA4CD12995C}
	EndGlobalSection
EndGlobal
